// !$*UTF8*$!
{
	archiveVersion = 1;
	classes = {
	};
	objectVersion = 56;
	objects = {

/* Begin PBXBuildFile section */
		4D45DA6F29E5BC82009D921B /* BigMLConnector.swift in Sources */ = {isa = PBXBuildFile; fileRef = 4D45DA6E29E5BC82009D921B /* BigMLConnector.swift */; };
		4D460A4629E43E0C00874DBF /* BottomBarView.swift in Sources */ = {isa = PBXBuildFile; fileRef = 4D460A4529E43E0C00874DBF /* BottomBarView.swift */; };
		4D460A4A29E442D800874DBF /* ImageClassificationView.swift in Sources */ = {isa = PBXBuildFile; fileRef = 4D460A4929E442D800874DBF /* ImageClassificationView.swift */; };
		4D460A4F29E4448B00874DBF /* ImageClassificationViewModel.swift in Sources */ = {isa = PBXBuildFile; fileRef = 4D460A4E29E4448B00874DBF /* ImageClassificationViewModel.swift */; };
		4D460A5429E445FB00874DBF /* SportsClassification.mlmodel in Sources */ = {isa = PBXBuildFile; fileRef = 4D460A5329E445ED00874DBF /* SportsClassification.mlmodel */; };
		4D460A5729E4463300874DBF /* ImageClassificationController.swift in Sources */ = {isa = PBXBuildFile; fileRef = 4D460A5629E4463300874DBF /* ImageClassificationController.swift */; };
		4D460A5B29E44AEA00874DBF /* ImagePredictor.swift in Sources */ = {isa = PBXBuildFile; fileRef = 4D460A5A29E44AEA00874DBF /* ImagePredictor.swift */; };
		4D460A5D29E4648F00874DBF /* IrisClassification.mlmodel in Sources */ = {isa = PBXBuildFile; fileRef = 4D460A5C29E4648F00874DBF /* IrisClassification.mlmodel */; };
		4D460A5F29E59D5700874DBF /* IrisClassificationView.swift in Sources */ = {isa = PBXBuildFile; fileRef = 4D460A5E29E59D5700874DBF /* IrisClassificationView.swift */; };
		4D460A6129E59D7400874DBF /* IrisViewModel.swift in Sources */ = {isa = PBXBuildFile; fileRef = 4D460A6029E59D7400874DBF /* IrisViewModel.swift */; };
		4D460A6529E5AF8400874DBF /* IrisClassificationController.swift in Sources */ = {isa = PBXBuildFile; fileRef = 4D460A6429E5AF8400874DBF /* IrisClassificationController.swift */; };
		4D46424629CDCDFA00917FAC /* AppDelegate.swift in Sources */ = {isa = PBXBuildFile; fileRef = 4D46424529CDCDFA00917FAC /* AppDelegate.swift */; };
		4D46424829CDCDFA00917FAC /* SceneDelegate.swift in Sources */ = {isa = PBXBuildFile; fileRef = 4D46424729CDCDFA00917FAC /* SceneDelegate.swift */; };
		4D46424A29CDCDFA00917FAC /* ViewController.swift in Sources */ = {isa = PBXBuildFile; fileRef = 4D46424929CDCDFA00917FAC /* ViewController.swift */; };
		4D46424D29CDCDFA00917FAC /* Main.storyboard in Resources */ = {isa = PBXBuildFile; fileRef = 4D46424B29CDCDFA00917FAC /* Main.storyboard */; };
		4D46424F29CDCDFB00917FAC /* Assets.xcassets in Resources */ = {isa = PBXBuildFile; fileRef = 4D46424E29CDCDFB00917FAC /* Assets.xcassets */; };
		4D46425229CDCDFB00917FAC /* LaunchScreen.storyboard in Resources */ = {isa = PBXBuildFile; fileRef = 4D46425029CDCDFB00917FAC /* LaunchScreen.storyboard */; };
		4D8919272A0273030002858B /* IncomeClassificationController.swift in Sources */ = {isa = PBXBuildFile; fileRef = 4D8919262A0273030002858B /* IncomeClassificationController.swift */; };
		4D8919292A02731B0002858B /* IncomeClassificationView.swift in Sources */ = {isa = PBXBuildFile; fileRef = 4D8919282A02731B0002858B /* IncomeClassificationView.swift */; };
		4D89192B2A027F300002858B /* IncomeClassificationModel.mlmodel in Sources */ = {isa = PBXBuildFile; fileRef = 4D89192A2A027F300002858B /* IncomeClassificationModel.mlmodel */; };
		4D89192D2A0967430002858B /* BigMLConnectr+IrisExtension.swift in Sources */ = {isa = PBXBuildFile; fileRef = 4D89192C2A0967430002858B /* BigMLConnectr+IrisExtension.swift */; };
		4D89192F2A09698D0002858B /* BigMLConnector+ImageExtension.swift in Sources */ = {isa = PBXBuildFile; fileRef = 4D89192E2A09698D0002858B /* BigMLConnector+ImageExtension.swift */; };
		4D8919312A096B630002858B /* BigMLConnector+IncomeExtension.swift in Sources */ = {isa = PBXBuildFile; fileRef = 4D8919302A096B630002858B /* BigMLConnector+IncomeExtension.swift */; };
		4D8919332A0BECD70002858B /* Camera.swift in Sources */ = {isa = PBXBuildFile; fileRef = 4D8919322A0BECD70002858B /* Camera.swift */; };
		4D8919352A0BED8B0002858B /* ImageClassificationController+Ext.swift in Sources */ = {isa = PBXBuildFile; fileRef = 4D8919342A0BED8B0002858B /* ImageClassificationController+Ext.swift */; };
/* End PBXBuildFile section */

/* Begin PBXFileReference section */
		4D45DA6E29E5BC82009D921B /* BigMLConnector.swift */ = {isa = PBXFileReference; lastKnownFileType = sourcecode.swift; path = BigMLConnector.swift; sourceTree = "<group>"; };
		4D460A4529E43E0C00874DBF /* BottomBarView.swift */ = {isa = PBXFileReference; lastKnownFileType = sourcecode.swift; path = BottomBarView.swift; sourceTree = "<group>"; };
		4D460A4929E442D800874DBF /* ImageClassificationView.swift */ = {isa = PBXFileReference; lastKnownFileType = sourcecode.swift; path = ImageClassificationView.swift; sourceTree = "<group>"; };
		4D460A4E29E4448B00874DBF /* ImageClassificationViewModel.swift */ = {isa = PBXFileReference; lastKnownFileType = sourcecode.swift; path = ImageClassificationViewModel.swift; sourceTree = "<group>"; };
		4D460A5329E445ED00874DBF /* SportsClassification.mlmodel */ = {isa = PBXFileReference; lastKnownFileType = file.mlmodel; path = SportsClassification.mlmodel; sourceTree = "<group>"; };
		4D460A5629E4463300874DBF /* ImageClassificationController.swift */ = {isa = PBXFileReference; lastKnownFileType = sourcecode.swift; path = ImageClassificationController.swift; sourceTree = "<group>"; };
		4D460A5A29E44AEA00874DBF /* ImagePredictor.swift */ = {isa = PBXFileReference; lastKnownFileType = sourcecode.swift; path = ImagePredictor.swift; sourceTree = "<group>"; };
		4D460A5C29E4648F00874DBF /* IrisClassification.mlmodel */ = {isa = PBXFileReference; lastKnownFileType = file.mlmodel; name = IrisClassification.mlmodel; path = "../../../../Desktop/Škola/Magistr/Diplomka/ExporteModels/IrisClassification.mlmodel"; sourceTree = "<group>"; };
		4D460A5E29E59D5700874DBF /* IrisClassificationView.swift */ = {isa = PBXFileReference; lastKnownFileType = sourcecode.swift; path = IrisClassificationView.swift; sourceTree = "<group>"; };
		4D460A6029E59D7400874DBF /* IrisViewModel.swift */ = {isa = PBXFileReference; lastKnownFileType = sourcecode.swift; path = IrisViewModel.swift; sourceTree = "<group>"; };
		4D460A6429E5AF8400874DBF /* IrisClassificationController.swift */ = {isa = PBXFileReference; lastKnownFileType = sourcecode.swift; path = IrisClassificationController.swift; sourceTree = "<group>"; };
		4D46424229CDCDFA00917FAC /* MachineLearningProject.app */ = {isa = PBXFileReference; explicitFileType = wrapper.application; includeInIndex = 0; path = MachineLearningProject.app; sourceTree = BUILT_PRODUCTS_DIR; };
		4D46424529CDCDFA00917FAC /* AppDelegate.swift */ = {isa = PBXFileReference; lastKnownFileType = sourcecode.swift; path = AppDelegate.swift; sourceTree = "<group>"; };
		4D46424729CDCDFA00917FAC /* SceneDelegate.swift */ = {isa = PBXFileReference; lastKnownFileType = sourcecode.swift; path = SceneDelegate.swift; sourceTree = "<group>"; };
		4D46424929CDCDFA00917FAC /* ViewController.swift */ = {isa = PBXFileReference; lastKnownFileType = sourcecode.swift; path = ViewController.swift; sourceTree = "<group>"; };
		4D46424C29CDCDFA00917FAC /* Base */ = {isa = PBXFileReference; lastKnownFileType = file.storyboard; name = Base; path = Base.lproj/Main.storyboard; sourceTree = "<group>"; };
		4D46424E29CDCDFB00917FAC /* Assets.xcassets */ = {isa = PBXFileReference; lastKnownFileType = folder.assetcatalog; path = Assets.xcassets; sourceTree = "<group>"; };
		4D46425129CDCDFB00917FAC /* Base */ = {isa = PBXFileReference; lastKnownFileType = file.storyboard; name = Base; path = Base.lproj/LaunchScreen.storyboard; sourceTree = "<group>"; };
		4D46425329CDCDFB00917FAC /* Info.plist */ = {isa = PBXFileReference; lastKnownFileType = text.plist.xml; path = Info.plist; sourceTree = "<group>"; };
		4D8919262A0273030002858B /* IncomeClassificationController.swift */ = {isa = PBXFileReference; lastKnownFileType = sourcecode.swift; path = IncomeClassificationController.swift; sourceTree = "<group>"; };
		4D8919282A02731B0002858B /* IncomeClassificationView.swift */ = {isa = PBXFileReference; lastKnownFileType = sourcecode.swift; path = IncomeClassificationView.swift; sourceTree = "<group>"; };
		4D89192A2A027F300002858B /* IncomeClassificationModel.mlmodel */ = {isa = PBXFileReference; lastKnownFileType = file.mlmodel; path = IncomeClassificationModel.mlmodel; sourceTree = "<group>"; };
		4D89192C2A0967430002858B /* BigMLConnectr+IrisExtension.swift */ = {isa = PBXFileReference; lastKnownFileType = sourcecode.swift; path = "BigMLConnectr+IrisExtension.swift"; sourceTree = "<group>"; };
		4D89192E2A09698D0002858B /* BigMLConnector+ImageExtension.swift */ = {isa = PBXFileReference; lastKnownFileType = sourcecode.swift; path = "BigMLConnector+ImageExtension.swift"; sourceTree = "<group>"; };
		4D8919302A096B630002858B /* BigMLConnector+IncomeExtension.swift */ = {isa = PBXFileReference; lastKnownFileType = sourcecode.swift; path = "BigMLConnector+IncomeExtension.swift"; sourceTree = "<group>"; };
		4D8919322A0BECD70002858B /* Camera.swift */ = {isa = PBXFileReference; lastKnownFileType = sourcecode.swift; path = Camera.swift; sourceTree = "<group>"; };
		4D8919342A0BED8B0002858B /* ImageClassificationController+Ext.swift */ = {isa = PBXFileReference; lastKnownFileType = sourcecode.swift; path = "ImageClassificationController+Ext.swift"; sourceTree = "<group>"; };
/* End PBXFileReference section */

/* Begin PBXFrameworksBuildPhase section */
		4D46423F29CDCDFA00917FAC /* Frameworks */ = {
			isa = PBXFrameworksBuildPhase;
			buildActionMask = 2147483647;
			files = (
			);
			runOnlyForDeploymentPostprocessing = 0;
		};
/* End PBXFrameworksBuildPhase section */

/* Begin PBXGroup section */
		4D45DA6D29E5BC6F009D921B /* Connectors */ = {
			isa = PBXGroup;
			children = (
				4D45DA6E29E5BC82009D921B /* BigMLConnector.swift */,
				4D89192C2A0967430002858B /* BigMLConnectr+IrisExtension.swift */,
				4D89192E2A09698D0002858B /* BigMLConnector+ImageExtension.swift */,
				4D8919302A096B630002858B /* BigMLConnector+IncomeExtension.swift */,
			);
			path = Connectors;
			sourceTree = "<group>";
		};
		4D460A4729E43E1200874DBF /* Components */ = {
			isa = PBXGroup;
			children = (
				4D460A4529E43E0C00874DBF /* BottomBarView.swift */,
			);
			path = Components;
			sourceTree = "<group>";
		};
		4D460A4829E4429100874DBF /* Views */ = {
			isa = PBXGroup;
			children = (
				4D460A4929E442D800874DBF /* ImageClassificationView.swift */,
				4D460A5E29E59D5700874DBF /* IrisClassificationView.swift */,
				4D8919282A02731B0002858B /* IncomeClassificationView.swift */,
			);
			path = Views;
			sourceTree = "<group>";
		};
		4D460A4D29E4447900874DBF /* Models */ = {
			isa = PBXGroup;
			children = (
				4D460A4E29E4448B00874DBF /* ImageClassificationViewModel.swift */,
				4D460A6029E59D7400874DBF /* IrisViewModel.swift */,
			);
			path = Models;
			sourceTree = "<group>";
		};
		4D460A5229E445E800874DBF /* MLModels */ = {
			isa = PBXGroup;
			children = (
				4D89192A2A027F300002858B /* IncomeClassificationModel.mlmodel */,
				4D460A5C29E4648F00874DBF /* IrisClassification.mlmodel */,
				4D460A5329E445ED00874DBF /* SportsClassification.mlmodel */,
			);
			path = MLModels;
			sourceTree = "<group>";
		};
		4D460A5529E4461900874DBF /* Controllers */ = {
			isa = PBXGroup;
			children = (
				4D460A5629E4463300874DBF /* ImageClassificationController.swift */,
				4D460A6429E5AF8400874DBF /* IrisClassificationController.swift */,
				4D8919262A0273030002858B /* IncomeClassificationController.swift */,
				4D8919322A0BECD70002858B /* Camera.swift */,
				4D8919342A0BED8B0002858B /* ImageClassificationController+Ext.swift */,
			);
			path = Controllers;
			sourceTree = "<group>";
		};
		4D460A5829E44AD000874DBF /* Predictors */ = {
			isa = PBXGroup;
			children = (
				4D460A5929E44ADC00874DBF /* ImagePredictor */,
			);
			path = Predictors;
			sourceTree = "<group>";
		};
		4D460A5929E44ADC00874DBF /* ImagePredictor */ = {
			isa = PBXGroup;
			children = (
				4D460A5A29E44AEA00874DBF /* ImagePredictor.swift */,
			);
			path = ImagePredictor;
			sourceTree = "<group>";
		};
		4D46423929CDCDFA00917FAC = {
			isa = PBXGroup;
			children = (
				4D46424429CDCDFA00917FAC /* MachineLearningProject */,
				4D46424329CDCDFA00917FAC /* Products */,
			);
			sourceTree = "<group>";
		};
		4D46424329CDCDFA00917FAC /* Products */ = {
			isa = PBXGroup;
			children = (
				4D46424229CDCDFA00917FAC /* MachineLearningProject.app */,
			);
			name = Products;
			sourceTree = "<group>";
		};
		4D46424429CDCDFA00917FAC /* MachineLearningProject */ = {
			isa = PBXGroup;
			children = (
				4D45DA6D29E5BC6F009D921B /* Connectors */,
				4D460A5829E44AD000874DBF /* Predictors */,
				4D460A5529E4461900874DBF /* Controllers */,
				4D460A4D29E4447900874DBF /* Models */,
				4D460A4829E4429100874DBF /* Views */,
				4D46424529CDCDFA00917FAC /* AppDelegate.swift */,
				4D46424729CDCDFA00917FAC /* SceneDelegate.swift */,
				4D46424929CDCDFA00917FAC /* ViewController.swift */,
				4D46424B29CDCDFA00917FAC /* Main.storyboard */,
				4D46424E29CDCDFB00917FAC /* Assets.xcassets */,
				4D46425029CDCDFB00917FAC /* LaunchScreen.storyboard */,
				4D46425329CDCDFB00917FAC /* Info.plist */,
				4D460A5229E445E800874DBF /* MLModels */,
				4D460A4729E43E1200874DBF /* Components */,
			);
			path = MachineLearningProject;
			sourceTree = "<group>";
		};
/* End PBXGroup section */

/* Begin PBXNativeTarget section */
		4D46424129CDCDFA00917FAC /* MachineLearningProject */ = {
			isa = PBXNativeTarget;
			buildConfigurationList = 4D46425629CDCDFB00917FAC /* Build configuration list for PBXNativeTarget "MachineLearningProject" */;
			buildPhases = (
				4D46423E29CDCDFA00917FAC /* Sources */,
				4D46423F29CDCDFA00917FAC /* Frameworks */,
				4D46424029CDCDFA00917FAC /* Resources */,
			);
			buildRules = (
			);
			dependencies = (
			);
			name = MachineLearningProject;
			productName = MachineLearningProject;
			productReference = 4D46424229CDCDFA00917FAC /* MachineLearningProject.app */;
			productType = "com.apple.product-type.application";
		};
/* End PBXNativeTarget section */

/* Begin PBXProject section */
		4D46423A29CDCDFA00917FAC /* Project object */ = {
			isa = PBXProject;
			attributes = {
				BuildIndependentTargetsInParallel = 1;
				LastSwiftUpdateCheck = 1420;
				LastUpgradeCheck = 1420;
				TargetAttributes = {
					4D46424129CDCDFA00917FAC = {
						CreatedOnToolsVersion = 14.2;
					};
				};
			};
			buildConfigurationList = 4D46423D29CDCDFA00917FAC /* Build configuration list for PBXProject "MachineLearningProject" */;
			compatibilityVersion = "Xcode 14.0";
			developmentRegion = en;
			hasScannedForEncodings = 0;
			knownRegions = (
				en,
				Base,
			);
			mainGroup = 4D46423929CDCDFA00917FAC;
			productRefGroup = 4D46424329CDCDFA00917FAC /* Products */;
			projectDirPath = "";
			projectRoot = "";
			targets = (
				4D46424129CDCDFA00917FAC /* MachineLearningProject */,
			);
		};
/* End PBXProject section */

/* Begin PBXResourcesBuildPhase section */
		4D46424029CDCDFA00917FAC /* Resources */ = {
			isa = PBXResourcesBuildPhase;
			buildActionMask = 2147483647;
			files = (
				4D46425229CDCDFB00917FAC /* LaunchScreen.storyboard in Resources */,
				4D46424F29CDCDFB00917FAC /* Assets.xcassets in Resources */,
				4D46424D29CDCDFA00917FAC /* Main.storyboard in Resources */,
			);
			runOnlyForDeploymentPostprocessing = 0;
		};
/* End PBXResourcesBuildPhase section */

/* Begin PBXSourcesBuildPhase section */
		4D46423E29CDCDFA00917FAC /* Sources */ = {
			isa = PBXSourcesBuildPhase;
			buildActionMask = 2147483647;
			files = (
				4D460A5F29E59D5700874DBF /* IrisClassificationView.swift in Sources */,
				4D89192B2A027F300002858B /* IncomeClassificationModel.mlmodel in Sources */,
				4D89192D2A0967430002858B /* BigMLConnectr+IrisExtension.swift in Sources */,
				4D46424A29CDCDFA00917FAC /* ViewController.swift in Sources */,
				4D8919312A096B630002858B /* BigMLConnector+IncomeExtension.swift in Sources */,
				4D8919332A0BECD70002858B /* Camera.swift in Sources */,
				4D46424629CDCDFA00917FAC /* AppDelegate.swift in Sources */,
				4D46424829CDCDFA00917FAC /* SceneDelegate.swift in Sources */,
				4D460A5D29E4648F00874DBF /* IrisClassification.mlmodel in Sources */,
				4D89192F2A09698D0002858B /* BigMLConnector+ImageExtension.swift in Sources */,
				4D460A6129E59D7400874DBF /* IrisViewModel.swift in Sources */,
				4D8919352A0BED8B0002858B /* ImageClassificationController+Ext.swift in Sources */,
				4D460A4629E43E0C00874DBF /* BottomBarView.swift in Sources */,
				4D460A6529E5AF8400874DBF /* IrisClassificationController.swift in Sources */,
				4D460A4F29E4448B00874DBF /* ImageClassificationViewModel.swift in Sources */,
				4D460A5B29E44AEA00874DBF /* ImagePredictor.swift in Sources */,
				4D8919272A0273030002858B /* IncomeClassificationController.swift in Sources */,
				4D8919292A02731B0002858B /* IncomeClassificationView.swift in Sources */,
				4D460A5429E445FB00874DBF /* SportsClassification.mlmodel in Sources */,
				4D460A5729E4463300874DBF /* ImageClassificationController.swift in Sources */,
				4D460A4A29E442D800874DBF /* ImageClassificationView.swift in Sources */,
				4D45DA6F29E5BC82009D921B /* BigMLConnector.swift in Sources */,
			);
			runOnlyForDeploymentPostprocessing = 0;
		};
/* End PBXSourcesBuildPhase section */

/* Begin PBXVariantGroup section */
		4D46424B29CDCDFA00917FAC /* Main.storyboard */ = {
			isa = PBXVariantGroup;
			children = (
				4D46424C29CDCDFA00917FAC /* Base */,
			);
			name = Main.storyboard;
			sourceTree = "<group>";
		};
		4D46425029CDCDFB00917FAC /* LaunchScreen.storyboard */ = {
			isa = PBXVariantGroup;
			children = (
				4D46425129CDCDFB00917FAC /* Base */,
			);
			name = LaunchScreen.storyboard;
			sourceTree = "<group>";
		};
/* End PBXVariantGroup section */

/* Begin XCBuildConfiguration section */
		4D46425429CDCDFB00917FAC /* Debug */ = {
			isa = XCBuildConfiguration;
			buildSettings = {
				ALWAYS_SEARCH_USER_PATHS = NO;
				CLANG_ANALYZER_NONNULL = YES;
				CLANG_ANALYZER_NUMBER_OBJECT_CONVERSION = YES_AGGRESSIVE;
				CLANG_CXX_LANGUAGE_STANDARD = "gnu++20";
				CLANG_ENABLE_MODULES = YES;
				CLANG_ENABLE_OBJC_ARC = YES;
				CLANG_ENABLE_OBJC_WEAK = YES;
				CLANG_WARN_BLOCK_CAPTURE_AUTORELEASING = YES;
				CLANG_WARN_BOOL_CONVERSION = YES;
				CLANG_WARN_COMMA = YES;
				CLANG_WARN_CONSTANT_CONVERSION = YES;
				CLANG_WARN_DEPRECATED_OBJC_IMPLEMENTATIONS = YES;
				CLANG_WARN_DIRECT_OBJC_ISA_USAGE = YES_ERROR;
				CLANG_WARN_DOCUMENTATION_COMMENTS = YES;
				CLANG_WARN_EMPTY_BODY = YES;
				CLANG_WARN_ENUM_CONVERSION = YES;
				CLANG_WARN_INFINITE_RECURSION = YES;
				CLANG_WARN_INT_CONVERSION = YES;
				CLANG_WARN_NON_LITERAL_NULL_CONVERSION = YES;
				CLANG_WARN_OBJC_IMPLICIT_RETAIN_SELF = YES;
				CLANG_WARN_OBJC_LITERAL_CONVERSION = YES;
				CLANG_WARN_OBJC_ROOT_CLASS = YES_ERROR;
				CLANG_WARN_QUOTED_INCLUDE_IN_FRAMEWORK_HEADER = YES;
				CLANG_WARN_RANGE_LOOP_ANALYSIS = YES;
				CLANG_WARN_STRICT_PROTOTYPES = YES;
				CLANG_WARN_SUSPICIOUS_MOVE = YES;
				CLANG_WARN_UNGUARDED_AVAILABILITY = YES_AGGRESSIVE;
				CLANG_WARN_UNREACHABLE_CODE = YES;
				CLANG_WARN__DUPLICATE_METHOD_MATCH = YES;
				COPY_PHASE_STRIP = NO;
				DEBUG_INFORMATION_FORMAT = dwarf;
				ENABLE_STRICT_OBJC_MSGSEND = YES;
				ENABLE_TESTABILITY = YES;
				GCC_C_LANGUAGE_STANDARD = gnu11;
				GCC_DYNAMIC_NO_PIC = NO;
				GCC_NO_COMMON_BLOCKS = YES;
				GCC_OPTIMIZATION_LEVEL = 0;
				GCC_PREPROCESSOR_DEFINITIONS = (
					"DEBUG=1",
					"$(inherited)",
				);
				GCC_WARN_64_TO_32_BIT_CONVERSION = YES;
				GCC_WARN_ABOUT_RETURN_TYPE = YES_ERROR;
				GCC_WARN_UNDECLARED_SELECTOR = YES;
				GCC_WARN_UNINITIALIZED_AUTOS = YES_AGGRESSIVE;
				GCC_WARN_UNUSED_FUNCTION = YES;
				GCC_WARN_UNUSED_VARIABLE = YES;
				IPHONEOS_DEPLOYMENT_TARGET = 16.2;
				MTL_ENABLE_DEBUG_INFO = INCLUDE_SOURCE;
				MTL_FAST_MATH = YES;
				ONLY_ACTIVE_ARCH = YES;
				SDKROOT = iphoneos;
				SWIFT_ACTIVE_COMPILATION_CONDITIONS = DEBUG;
				SWIFT_OPTIMIZATION_LEVEL = "-Onone";
			};
			name = Debug;
		};
		4D46425529CDCDFB00917FAC /* Release */ = {
			isa = XCBuildConfiguration;
			buildSettings = {
				ALWAYS_SEARCH_USER_PATHS = NO;
				CLANG_ANALYZER_NONNULL = YES;
				CLANG_ANALYZER_NUMBER_OBJECT_CONVERSION = YES_AGGRESSIVE;
				CLANG_CXX_LANGUAGE_STANDARD = "gnu++20";
				CLANG_ENABLE_MODULES = YES;
				CLANG_ENABLE_OBJC_ARC = YES;
				CLANG_ENABLE_OBJC_WEAK = YES;
				CLANG_WARN_BLOCK_CAPTURE_AUTORELEASING = YES;
				CLANG_WARN_BOOL_CONVERSION = YES;
				CLANG_WARN_COMMA = YES;
				CLANG_WARN_CONSTANT_CONVERSION = YES;
				CLANG_WARN_DEPRECATED_OBJC_IMPLEMENTATIONS = YES;
				CLANG_WARN_DIRECT_OBJC_ISA_USAGE = YES_ERROR;
				CLANG_WARN_DOCUMENTATION_COMMENTS = YES;
				CLANG_WARN_EMPTY_BODY = YES;
				CLANG_WARN_ENUM_CONVERSION = YES;
				CLANG_WARN_INFINITE_RECURSION = YES;
				CLANG_WARN_INT_CONVERSION = YES;
				CLANG_WARN_NON_LITERAL_NULL_CONVERSION = YES;
				CLANG_WARN_OBJC_IMPLICIT_RETAIN_SELF = YES;
				CLANG_WARN_OBJC_LITERAL_CONVERSION = YES;
				CLANG_WARN_OBJC_ROOT_CLASS = YES_ERROR;
				CLANG_WARN_QUOTED_INCLUDE_IN_FRAMEWORK_HEADER = YES;
				CLANG_WARN_RANGE_LOOP_ANALYSIS = YES;
				CLANG_WARN_STRICT_PROTOTYPES = YES;
				CLANG_WARN_SUSPICIOUS_MOVE = YES;
				CLANG_WARN_UNGUARDED_AVAILABILITY = YES_AGGRESSIVE;
				CLANG_WARN_UNREACHABLE_CODE = YES;
				CLANG_WARN__DUPLICATE_METHOD_MATCH = YES;
				COPY_PHASE_STRIP = NO;
				DEBUG_INFORMATION_FORMAT = "dwarf-with-dsym";
				ENABLE_NS_ASSERTIONS = NO;
				ENABLE_STRICT_OBJC_MSGSEND = YES;
				GCC_C_LANGUAGE_STANDARD = gnu11;
				GCC_NO_COMMON_BLOCKS = YES;
				GCC_WARN_64_TO_32_BIT_CONVERSION = YES;
				GCC_WARN_ABOUT_RETURN_TYPE = YES_ERROR;
				GCC_WARN_UNDECLARED_SELECTOR = YES;
				GCC_WARN_UNINITIALIZED_AUTOS = YES_AGGRESSIVE;
				GCC_WARN_UNUSED_FUNCTION = YES;
				GCC_WARN_UNUSED_VARIABLE = YES;
				IPHONEOS_DEPLOYMENT_TARGET = 16.2;
				MTL_ENABLE_DEBUG_INFO = NO;
				MTL_FAST_MATH = YES;
				SDKROOT = iphoneos;
				SWIFT_COMPILATION_MODE = wholemodule;
				SWIFT_OPTIMIZATION_LEVEL = "-O";
				VALIDATE_PRODUCT = YES;
			};
			name = Release;
		};
		4D46425729CDCDFB00917FAC /* Debug */ = {
			isa = XCBuildConfiguration;
			buildSettings = {
				ASSETCATALOG_COMPILER_APPICON_NAME = AppIcon;
				ASSETCATALOG_COMPILER_GLOBAL_ACCENT_COLOR_NAME = AccentColor;
				CODE_SIGN_STYLE = Automatic;
				CURRENT_PROJECT_VERSION = 1;
				DEVELOPMENT_TEAM = 66FZGBXJT7;
				GENERATE_INFOPLIST_FILE = YES;
				INFOPLIST_FILE = MachineLearningProject/Info.plist;
				INFOPLIST_KEY_NSCameraUsageDescription = "Camera is needed to take a picture for classification";
				INFOPLIST_KEY_UIApplicationSupportsIndirectInputEvents = YES;
				INFOPLIST_KEY_UILaunchStoryboardName = LaunchScreen;
				INFOPLIST_KEY_UIMainStoryboardFile = Main;
				INFOPLIST_KEY_UISupportedInterfaceOrientations_iPad = "UIInterfaceOrientationPortrait UIInterfaceOrientationPortraitUpsideDown UIInterfaceOrientationLandscapeLeft UIInterfaceOrientationLandscapeRight";
				INFOPLIST_KEY_UISupportedInterfaceOrientations_iPhone = "UIInterfaceOrientationPortrait UIInterfaceOrientationLandscapeLeft UIInterfaceOrientationLandscapeRight";
				LD_RUNPATH_SEARCH_PATHS = (
					"$(inherited)",
					"@executable_path/Frameworks",
				);
				MARKETING_VERSION = 1.0;
				PRODUCT_BUNDLE_IDENTIFIER = com.adampoustka.MachineLearningProject;
				PRODUCT_NAME = "$(TARGET_NAME)";
				SWIFT_EMIT_LOC_STRINGS = YES;
				SWIFT_VERSION = 5.0;
				TARGETED_DEVICE_FAMILY = "1,2";
			};
			name = Debug;
		};
		4D46425829CDCDFB00917FAC /* Release */ = {
			isa = XCBuildConfiguration;
			buildSettings = {
				ASSETCATALOG_COMPILER_APPICON_NAME = AppIcon;
				ASSETCATALOG_COMPILER_GLOBAL_ACCENT_COLOR_NAME = AccentColor;
				CODE_SIGN_STYLE = Automatic;
				CURRENT_PROJECT_VERSION = 1;
				DEVELOPMENT_TEAM = 66FZGBXJT7;
				GENERATE_INFOPLIST_FILE = YES;
				INFOPLIST_FILE = MachineLearningProject/Info.plist;
				INFOPLIST_KEY_NSCameraUsageDescription = "Camera is needed to take a picture for classification";
				INFOPLIST_KEY_UIApplicationSupportsIndirectInputEvents = YES;
				INFOPLIST_KEY_UILaunchStoryboardName = LaunchScreen;
				INFOPLIST_KEY_UIMainStoryboardFile = Main;
				INFOPLIST_KEY_UISupportedInterfaceOrientations_iPad = "UIInterfaceOrientationPortrait UIInterfaceOrientationPortraitUpsideDown UIInterfaceOrientationLandscapeLeft UIInterfaceOrientationLandscapeRight";
				INFOPLIST_KEY_UISupportedInterfaceOrientations_iPhone = "UIInterfaceOrientationPortrait UIInterfaceOrientationLandscapeLeft UIInterfaceOrientationLandscapeRight";
				LD_RUNPATH_SEARCH_PATHS = (
					"$(inherited)",
					"@executable_path/Frameworks",
				);
				MARKETING_VERSION = 1.0;
				PRODUCT_BUNDLE_IDENTIFIER = com.adampoustka.MachineLearningProject;
				PRODUCT_NAME = "$(TARGET_NAME)";
				SWIFT_EMIT_LOC_STRINGS = YES;
				SWIFT_VERSION = 5.0;
				TARGETED_DEVICE_FAMILY = "1,2";
			};
			name = Release;
		};
/* End XCBuildConfiguration section */

/* Begin XCConfigurationList section */
		4D46423D29CDCDFA00917FAC /* Build configuration list for PBXProject "MachineLearningProject" */ = {
			isa = XCConfigurationList;
			buildConfigurations = (
				4D46425429CDCDFB00917FAC /* Debug */,
				4D46425529CDCDFB00917FAC /* Release */,
			);
			defaultConfigurationIsVisible = 0;
			defaultConfigurationName = Release;
		};
		4D46425629CDCDFB00917FAC /* Build configuration list for PBXNativeTarget "MachineLearningProject" */ = {
			isa = XCConfigurationList;
			buildConfigurations = (
				4D46425729CDCDFB00917FAC /* Debug */,
				4D46425829CDCDFB00917FAC /* Release */,
			);
			defaultConfigurationIsVisible = 0;
			defaultConfigurationName = Release;
		};
/* End XCConfigurationList section */
	};
	rootObject = 4D46423A29CDCDFA00917FAC /* Project object */;
}
